// !$*UTF8*$!
{
	archiveVersion = 1;
	classes = {
	};
	objectVersion = 77;
	objects = {

/* Begin PBXBuildFile section */
		JS0N0001000000000000JK01 /* JSONKit in Frameworks */ = {isa = PBXBuildFile; productRef = JS0N0002000000000000JK02 /* JSONKit */; };
/* End PBXBuildFile section */

/* Begin PBXContainerItemProxy section */
		89E1E888303ECF1900B1592C /* PBXContainerItemProxy */ = {
			isa = PBXContainerItemProxy;
			containerPortal = 89E1E870303ECF1700B1592C /* Project object */;
			proxyType = 1;
			remoteGlobalIDString = 89E1E877303ECF1700B1592C;
			remoteInfo = "JSON Studio";
		};
		89E1E892303ECF1900B1592C /* PBXContainerItemProxy */ = {
			isa = PBXContainerItemProxy;
			containerPortal = 89E1E870303ECF1700B1592C /* Project object */;
			proxyType = 1;
			remoteGlobalIDString = 89E1E877303ECF1700B1592C;
			remoteInfo = "JSON Studio";
		};
/* End PBXContainerItemProxy section */

/* Begin PBXFileReference section */
		89E1E878303ECF1700B1592C /* JSON Studio.app */ = {isa = PBXFileReference; explicitFileType = wrapper.application; includeInIndex = 0; path = "JSON Studio.app"; sourceTree = BUILT_PRODUCTS_DIR; };
		89E1E887303ECF1900B1592C /* JSON StudioTests.xctest */ = {isa = PBXFileReference; explicitFileType = wrapper.cfbundle; includeInIndex = 0; path = "JSON StudioTests.xctest"; sourceTree = BUILT_PRODUCTS_DIR; };
		89E1E891303ECF1900B1592C /* JSON StudioUITests.xctest */ = {isa = PBXFileReference; explicitFileType = wrapper.cfbundle; includeInIndex = 0; path = "JSON StudioUITests.xctest"; sourceTree = BUILT_PRODUCTS_DIR; };
/* End PBXFileReference section */

/* Begin PBXFileSystemSynchronizedRootGroup section */
		89E1E87A303ECF1700B1592C /* JSON Studio */ = {
			isa = PBXFileSystemSynchronizedRootGroup;
			path = "JSON Studio";
			sourceTree = "<group>";
		};
		89E1E88A303ECF1900B1592C /* JSON StudioTests */ = {
			isa = PBXFileSystemSynchronizedRootGroup;
			path = "JSON StudioTests";
			sourceTree = "<group>";
		};
		89E1E894303ECF1900B1592C /* JSON StudioUITests */ = {
			isa = PBXFileSystemSynchronizedRootGroup;
			path = "JSON StudioUITests";
			sourceTree = "<group>";
		};
/* End PBXFileSystemSynchronizedRootGroup section */

/* Begin PBXFrameworksBuildPhase section */
		89E1E875303ECF1700B1592C /* Frameworks */ = {
			isa = PBXFrameworksBuildPhase;
			buildActionMask = 2147483647;
			files = (
				JS0N0001000000000000JK01 /* JSONKit in Frameworks */,
			);
			runOnlyForDeploymentPostprocessing = 0;
		};
		89E1E884303ECF1900B1592C /* Frameworks */ = {
			isa = PBXFrameworksBuildPhase;
			buildActionMask = 2147483647;
			files = (
			);
			runOnlyForDeploymentPostprocessing = 0;
		};
		89E1E88E303ECF1900B1592C /* Frameworks */ = {
			isa = PBXFrameworksBuildPhase;
			buildActionMask = 2147483647;
			files = (
			);
			runOnlyForDeploymentPostprocessing = 0;
		};
/* End PBXFrameworksBuildPhase section */

/* Begin PBXGroup section */
		89E1E86F303ECF1700B1592C = {
			isa = PBXGroup;
			children = (
				89E1E87A303ECF1700B1592C /* JSON Studio */,
				89E1E88A303ECF1900B1592C /* JSON StudioTests */,
				89E1E894303ECF1900B1592C /* JSON StudioUITests */,
				89E1E879303ECF1700B1592C /* Products */,
			);
			sourceTree = "<group>";
		};
		89E1E879303ECF1700B1592C /* Products */ = {
			isa = PBXGroup;
			children = (
				89E1E878303ECF1700B1592C /* JSON Studio.app */,
				89E1E887303ECF1900B1592C /* JSON StudioTests.xctest */,
				89E1E891303ECF1900B1592C /* JSON StudioUITests.xctest */,
			);
			name = Products;
			sourceTree = "<group>";
		};
/* End PBXGroup section */

/* Begin PBXNativeTarget section */
		89E1E877303ECF1700B1592C /* JSON Studio */ = {
			isa = PBXNativeTarget;
			buildConfigurationList = 89E1E89B303ECF1900B1592C /* Build configuration list for PBXNativeTarget "JSON Studio" */;
			buildPhases = (
				89E1E874303ECF1700B1592C /* Sources */,
				89E1E875303ECF1700B1592C /* Frameworks */,
				89E1E876303ECF1700B1592C /* Resources */,
			);
			buildRules = (
			);
			dependencies = (
			);
			fileSystemSynchronizedGroups = (
				89E1E87A303ECF1700B1592C /* JSON Studio */,
			);
			name = "JSON Studio";
			packageProductDependencies = (
				JS0N0002000000000000JK02 /* JSONKit */,
			);
			productName = "JSON Studio";
			productReference = 89E1E878303ECF1700B1592C /* JSON Studio.app */;
			productType = "com.apple.product-type.application";
		};
		89E1E886303ECF1900B1592C /* JSON StudioTests */ = {
			isa = PBXNativeTarget;
			buildConfigurationList = 89E1E89E303ECF1900B1592C /* Build configuration list for PBXNativeTarget "JSON StudioTests" */;
			buildPhases = (
				89E1E883303ECF1900B1592C /* Sources */,
				89E1E884303ECF1900B1592C /* Frameworks */,
				89E1E885303ECF1900B1592C /* Resources */,
			);
			buildRules = (
			);
			dependencies = (
				89E1E889303ECF1900B1592C /* PBXTargetDependency */,
			);
			fileSystemSynchronizedGroups = (
				89E1E88A303ECF1900B1592C /* JSON StudioTests */,
			);
			name = "JSON StudioTests";
			packageProductDependencies = (
			);
			productName = "JSON StudioTests";
			productReference = 89E1E887303ECF1900B1592C /* JSON StudioTests.xctest */;
			productType = "com.apple.product-type.bundle.unit-test";
		};
		89E1E890303ECF1900B1592C /* JSON StudioUITests */ = {
			isa = PBXNativeTarget;
			buildConfigurationList = 89E1E8A1303ECF1900B1592C /* Build configuration list for PBXNativeTarget "JSON StudioUITests" */;
			buildPhases = (
				89E1E88D303ECF1900B1592C /* Sources */,
				89E1E88E303ECF1900B1592C /* Frameworks */,
				89E1E88F303ECF1900B1592C /* Resources */,
			);
			buildRules = (
			);
			dependencies = (
				89E1E893303ECF1900B1592C /* PBXTargetDependency */,
			);
			fileSystemSynchronizedGroups = (
				89E1E894303ECF1900B1592C /* JSON StudioUITests */,
			);
			name = "JSON StudioUITests";
			packageProductDependencies = (
			);
			productName = "JSON StudioUITests";
			productReference = 89E1E891303ECF1900B1592C /* JSON StudioUITests.xctest */;
			productType = "com.apple.product-type.bundle.ui-testing";
		};
/* End PBXNativeTarget section */

/* Begin PBXProject section */
		89E1E870303ECF1700B1592C /* Project object */ = {
			isa = PBXProject;
			attributes = {
				BuildIndependentTargetsInParallel = 1;
				LastSwiftUpdateCheck = 2660;
				LastUpgradeCheck = 2660;
				TargetAttributes = {
					89E1E877303ECF1700B1592C = {
						CreatedOnToolsVersion = 26.6;
					};
					89E1E886303ECF1900B1592C = {
						CreatedOnToolsVersion = 26.6;
						TestTargetID = 89E1E877303ECF1700B1592C;
					};
					89E1E890303ECF1900B1592C = {
						CreatedOnToolsVersion = 26.6;
						TestTargetID = 89E1E877303ECF1700B1592C;
					};
				};
			};
			buildConfigurationList = 89E1E873303ECF1700B1592C /* Build configuration list for PBXProject "JSON Studio" */;
			developmentRegion = en;
			hasScannedForEncodings = 0;
			knownRegions = (
				en,
				Base,
			);
			mainGroup = 89E1E86F303ECF1700B1592C;
			minimizedProjectReferenceProxies = 1;
			packageReferences = (
				JS0N0003000000000000JK03 /* XCLocalSwiftPackageReference "Packages/JSONKit" */,
			);
			preferredProjectObjectVersion = 77;
			productRefGroup = 89E1E879303ECF1700B1592C /* Products */;
			projectDirPath = "";
			projectRoot = "";
			targets = (
				89E1E877303ECF1700B1592C /* JSON Studio */,
				89E1E886303ECF1900B1592C /* JSON StudioTests */,
				89E1E890303ECF1900B1592C /* JSON StudioUITests */,
			);
		};
/* End PBXProject section */

/* Begin PBXResourcesBuildPhase section */
		89E1E876303ECF1700B1592C /* Resources */ = {
			isa = PBXResourcesBuildPhase;
			buildActionMask = 2147483647;
			files = (
			);
			runOnlyForDeploymentPostprocessing = 0;
		};
		89E1E885303ECF1900B1592C /* Resources */ = {
			isa = PBXResourcesBuildPhase;
			buildActionMask = 2147483647;
			files = (
			);
			runOnlyForDeploymentPostprocessing = 0;
		};
		89E1E88F303ECF1900B1592C /* Resources */ = {
			isa = PBXResourcesBuildPhase;
			buildActionMask = 2147483647;
			files = (
			);
			runOnlyForDeploymentPostprocessing = 0;
		};
/* End PBXResourcesBuildPhase section */

/* Begin PBXSourcesBuildPhase section */
		89E1E874303ECF1700B1592C /* Sources */ = {
			isa = PBXSourcesBuildPhase;
			buildActionMask = 2147483647;
			files = (
			);
			runOnlyForDeploymentPostprocessing = 0;
		};
		89E1E883303ECF1900B1592C /* Sources */ = {
			isa = PBXSourcesBuildPhase;
			buildActionMask = 2147483647;
			files = (
			);
			runOnlyForDeploymentPostprocessing = 0;
		};
		89E1E88D303ECF1900B1592C /* Sources */ = {
			isa = PBXSourcesBuildPhase;
			buildActionMask = 2147483647;
			files = (
			);
			runOnlyForDeploymentPostprocessing = 0;
		};
/* End PBXSourcesBuildPhase section */

/* Begin PBXTargetDependency section */
		89E1E889303ECF1900B1592C /* PBXTargetDependency */ = {
			isa = PBXTargetDependency;
			target = 89E1E877303ECF1700B1592C /* JSON Studio */;
			targetProxy = 89E1E888303ECF1900B1592C /* PBXContainerItemProxy */;
		};
		89E1E893303ECF1900B1592C /* PBXTargetDependency */ = {
			isa = PBXTargetDependency;
			target = 89E1E877303ECF1700B1592C /* JSON Studio */;
			targetProxy = 89E1E892303ECF1900B1592C /* PBXContainerItemProxy */;
		};
/* End PBXTargetDependency section */

/* Begin XCBuildConfiguration section */
		89E1E899303ECF1900B1592C /* Debug */ = {
			isa = XCBuildConfiguration;
			buildSettings = {
				ALWAYS_SEARCH_USER_PATHS = NO;
				ASSETCATALOG_COMPILER_GENERATE_SWIFT_ASSET_SYMBOL_EXTENSIONS = YES;
				CLANG_ANALYZER_NONNULL = YES;
				CLANG_ANALYZER_NUMBER_OBJECT_CONVERSION = YES_AGGRESSIVE;
				CLANG_CXX_LANGUAGE_STANDARD = "gnu++20";
				CLANG_ENABLE_MODULES = YES;
				CLANG_ENABLE_OBJC_ARC = YES;
				CLANG_ENABLE_OBJC_WEAK = YES;
				CLANG_WARN_BLOCK_CAPTURE_AUTORELEASING = YES;
				CLANG_WARN_BOOL_CONVERSION = YES;
				CLANG_WARN_COMMA = YES;
				CLANG_WARN_CONSTANT_CONVERSION = YES;
				CLANG_WARN_DEPRECATED_OBJC_IMPLEMENTATIONS = YES;
				CLANG_WARN_DIRECT_OBJC_ISA_USAGE = YES_ERROR;
				CLANG_WARN_DOCUMENTATION_COMMENTS = YES;
				CLANG_WARN_EMPTY_BODY = YES;
				CLANG_WARN_ENUM_CONVERSION = YES;
				CLANG_WARN_INFINITE_RECURSION = YES;
				CLANG_WARN_INT_CONVERSION = YES;
				CLANG_WARN_NON_LITERAL_NULL_CONVERSION = YES;
				CLANG_WARN_OBJC_IMPLICIT_RETAIN_SELF = YES;
				CLANG_WARN_OBJC_LITERAL_CONVERSION = YES;
				CLANG_WARN_OBJC_ROOT_CLASS = YES_ERROR;
				CLANG_WARN_QUOTED_INCLUDE_IN_FRAMEWORK_HEADER = YES;
				CLANG_WARN_RANGE_LOOP_ANALYSIS = YES;
				CLANG_WARN_STRICT_PROTOTYPES = YES;
				CLANG_WARN_SUSPICIOUS_MOVE = YES;
				CLANG_WARN_UNGUARDED_AVAILABILITY = YES_AGGRESSIVE;
				CLANG_WARN_UNREACHABLE_CODE = YES;
				CLANG_WARN__DUPLICATE_METHOD_MATCH = YES;
				COPY_PHASE_STRIP = NO;
				DEBUG_INFORMATION_FORMAT = dwarf;
				DEVELOPMENT_TEAM = TYGBF4W24F;
				ENABLE_STRICT_OBJC_MSGSEND = YES;
				ENABLE_TESTABILITY = YES;
				ENABLE_USER_SCRIPT_SANDBOXING = YES;
				GCC_C_LANGUAGE_STANDARD = gnu17;
				GCC_DYNAMIC_NO_PIC = NO;
				GCC_NO_COMMON_BLOCKS = YES;
				GCC_OPTIMIZATION_LEVEL = 0;
				GCC_PREPROCESSOR_DEFINITIONS = (
					"DEBUG=1",
					"$(inherited)",
				);
				GCC_WARN_64_TO_32_BIT_CONVERSION = YES;
				GCC_WARN_ABOUT_RETURN_TYPE = YES_ERROR;
				GCC_WARN_UNDECLARED_SELECTOR = YES;
				GCC_WARN_UNINITIALIZED_AUTOS = YES_AGGRESSIVE;
				GCC_WARN_UNUSED_FUNCTION = YES;
				GCC_WARN_UNUSED_VARIABLE = YES;
				LOCALIZATION_PREFERS_STRING_CATALOGS = YES;
				MACOSX_DEPLOYMENT_TARGET = 26.5;
				MTL_ENABLE_DEBUG_INFO = INCLUDE_SOURCE;
				MTL_FAST_MATH = YES;
				ONLY_ACTIVE_ARCH = YES;
				SDKROOT = macosx;
				SWIFT_ACTIVE_COMPILATION_CONDITIONS = "DEBUG $(inherited)";
				SWIFT_OPTIMIZATION_LEVEL = "-Onone";
			};
			name = Debug;
		};
		89E1E89A303ECF1900B1592C /* Release */ = {
			isa = XCBuildConfiguration;
			buildSettings = {
				ALWAYS_SEARCH_USER_PATHS = NO;
				ASSETCATALOG_COMPILER_GENERATE_SWIFT_ASSET_SYMBOL_EXTENSIONS = YES;
				CLANG_ANALYZER_NONNULL = YES;
				CLANG_ANALYZER_NUMBER_OBJECT_CONVERSION = YES_AGGRESSIVE;
				CLANG_CXX_LANGUAGE_STANDARD = "gnu++20";
				CLANG_ENABLE_MODULES = YES;
				CLANG_ENABLE_OBJC_ARC = YES;
				CLANG_ENABLE_OBJC_WEAK = YES;
				CLANG_WARN_BLOCK_CAPTURE_AUTORELEASING = YES;
				CLANG_WARN_BOOL_CONVERSION = YES;
				CLANG_WARN_COMMA = YES;
				CLANG_WARN_CONSTANT_CONVERSION = YES;
				CLANG_WARN_DEPRECATED_OBJC_IMPLEMENTATIONS = YES;
				CLANG_WARN_DIRECT_OBJC_ISA_USAGE = YES_ERROR;
				CLANG_WARN_DOCUMENTATION_COMMENTS = YES;
				CLANG_WARN_EMPTY_BODY = YES;
				CLANG_WARN_ENUM_CONVERSION = YES;
				CLANG_WARN_INFINITE_RECURSION = YES;
				CLANG_WARN_INT_CONVERSION = YES;
				CLANG_WARN_NON_LITERAL_NULL_CONVERSION = YES;
				CLANG_WARN_OBJC_IMPLICIT_RETAIN_SELF = YES;
				CLANG_WARN_OBJC_LITERAL_CONVERSION = YES;
				CLANG_WARN_OBJC_ROOT_CLASS = YES_ERROR;
				CLANG_WARN_QUOTED_INCLUDE_IN_FRAMEWORK_HEADER = YES;
				CLANG_WARN_RANGE_LOOP_ANALYSIS = YES;
				CLANG_WARN_STRICT_PROTOTYPES = YES;
				CLANG_WARN_SUSPICIOUS_MOVE = YES;
				CLANG_WARN_UNGUARDED_AVAILABILITY = YES_AGGRESSIVE;
				CLANG_WARN_UNREACHABLE_CODE = YES;
				CLANG_WARN__DUPLICATE_METHOD_MATCH = YES;
				COPY_PHASE_STRIP = NO;
				DEBUG_INFORMATION_FORMAT = "dwarf-with-dsym";
				DEVELOPMENT_TEAM = TYGBF4W24F;
				ENABLE_NS_ASSERTIONS = NO;
				ENABLE_STRICT_OBJC_MSGSEND = YES;
				ENABLE_USER_SCRIPT_SANDBOXING = YES;
				GCC_C_LANGUAGE_STANDARD = gnu17;
				GCC_NO_COMMON_BLOCKS = YES;
				GCC_WARN_64_TO_32_BIT_CONVERSION = YES;
				GCC_WARN_ABOUT_RETURN_TYPE = YES_ERROR;
				GCC_WARN_UNDECLARED_SELECTOR = YES;
				GCC_WARN_UNINITIALIZED_AUTOS = YES_AGGRESSIVE;
				GCC_WARN_UNUSED_FUNCTION = YES;
				GCC_WARN_UNUSED_VARIABLE = YES;
				LOCALIZATION_PREFERS_STRING_CATALOGS = YES;
				MACOSX_DEPLOYMENT_TARGET = 26.5;
				MTL_ENABLE_DEBUG_INFO = NO;
				MTL_FAST_MATH = YES;
				SDKROOT = macosx;
				SWIFT_COMPILATION_MODE = wholemodule;
			};
			name = Release;
		};
		89E1E89C303ECF1900B1592C /* Debug */ = {
			isa = XCBuildConfiguration;
			buildSettings = {
				ASSETCATALOG_COMPILER_APPICON_NAME = AppIcon;
				ASSETCATALOG_COMPILER_GLOBAL_ACCENT_COLOR_NAME = AccentColor;
				CODE_SIGN_ENTITLEMENTS = "JSON Studio/JSON Studio.entitlements";
				CODE_SIGN_STYLE = Automatic;
				COMBINE_HIDPI_IMAGES = YES;
				CURRENT_PROJECT_VERSION = 1;
				DEVELOPMENT_TEAM = TYGBF4W24F;
				ENABLE_APP_SANDBOX = YES;
				ENABLE_HARDENED_RUNTIME = YES;
				ENABLE_PREVIEWS = YES;
				ENABLE_USER_SELECTED_FILES = readwrite;
				GENERATE_INFOPLIST_FILE = YES;
				INFOPLIST_KEY_NSHumanReadableCopyright = "";
				LD_RUNPATH_SEARCH_PATHS = (
					"$(inherited)",
					"@executable_path/../Frameworks",
				);
				MARKETING_VERSION = 1.0;
				PRODUCT_BUNDLE_IDENTIFIER = "fazlerabbi-linkon.JSON-Studio";
				PRODUCT_NAME = "$(TARGET_NAME)";
				REGISTER_APP_GROUPS = YES;
				STRING_CATALOG_GENERATE_SYMBOLS = YES;
				SWIFT_APPROACHABLE_CONCURRENCY = YES;
				SWIFT_DEFAULT_ACTOR_ISOLATION = MainActor;
				SWIFT_EMIT_LOC_STRINGS = YES;
				SWIFT_UPCOMING_FEATURE_MEMBER_IMPORT_VISIBILITY = YES;
				SWIFT_VERSION = 5.0;
			};
			name = Debug;
		};
		89E1E89D303ECF1900B1592C /* Release */ = {
			isa = XCBuildConfiguration;
			buildSettings = {
				ASSETCATALOG_COMPILER_APPICON_NAME = AppIcon;
				ASSETCATALOG_COMPILER_GLOBAL_ACCENT_COLOR_NAME = AccentColor;
				CODE_SIGN_ENTITLEMENTS = "JSON Studio/JSON Studio.entitlements";
				CODE_SIGN_STYLE = Automatic;
				COMBINE_HIDPI_IMAGES = YES;
				CURRENT_PROJECT_VERSION = 1;
				DEVELOPMENT_TEAM = TYGBF4W24F;
				ENABLE_APP_SANDBOX = YES;
				ENABLE_HARDENED_RUNTIME = YES;
				ENABLE_PREVIEWS = YES;
				ENABLE_USER_SELECTED_FILES = readwrite;
				GENERATE_INFOPLIST_FILE = YES;
				INFOPLIST_KEY_NSHumanReadableCopyright = "";
				LD_RUNPATH_SEARCH_PATHS = (
					"$(inherited)",
					"@executable_path/../Frameworks",
				);
				MARKETING_VERSION = 1.0;
				PRODUCT_BUNDLE_IDENTIFIER = "fazlerabbi-linkon.JSON-Studio";
				PRODUCT_NAME = "$(TARGET_NAME)";
				REGISTER_APP_GROUPS = YES;
				STRING_CATALOG_GENERATE_SYMBOLS = YES;
				SWIFT_APPROACHABLE_CONCURRENCY = YES;
				SWIFT_DEFAULT_ACTOR_ISOLATION = MainActor;
				SWIFT_EMIT_LOC_STRINGS = YES;
				SWIFT_UPCOMING_FEATURE_MEMBER_IMPORT_VISIBILITY = YES;
				SWIFT_VERSION = 5.0;
			};
			name = Release;
		};
		89E1E89F303ECF1900B1592C /* Debug */ = {
			isa = XCBuildConfiguration;
			buildSettings = {
				BUNDLE_LOADER = "$(TEST_HOST)";
				CODE_SIGN_STYLE = Automatic;
				CURRENT_PROJECT_VERSION = 1;
				DEVELOPMENT_TEAM = TYGBF4W24F;
				GENERATE_INFOPLIST_FILE = YES;
				MACOSX_DEPLOYMENT_TARGET = 26.5;
				MARKETING_VERSION = 1.0;
				PRODUCT_BUNDLE_IDENTIFIER = "fazlerabbi-linkon.JSON-StudioTests";
				PRODUCT_NAME = "$(TARGET_NAME)";
				STRING_CATALOG_GENERATE_SYMBOLS = NO;
				SWIFT_APPROACHABLE_CONCURRENCY = YES;
				SWIFT_EMIT_LOC_STRINGS = NO;
				SWIFT_UPCOMING_FEATURE_MEMBER_IMPORT_VISIBILITY = YES;
				SWIFT_VERSION = 5.0;
				TEST_HOST = "$(BUILT_PRODUCTS_DIR)/JSON Studio.app/$(BUNDLE_EXECUTABLE_FOLDER_PATH)/JSON Studio";
			};
			name = Debug;
		};
		89E1E8A0303ECF1900B1592C /* Release */ = {
			isa = XCBuildConfiguration;
			buildSettings = {
				BUNDLE_LOADER = "$(TEST_HOST)";
				CODE_SIGN_STYLE = Automatic;
				CURRENT_PROJECT_VERSION = 1;
				DEVELOPMENT_TEAM = TYGBF4W24F;
				GENERATE_INFOPLIST_FILE = YES;
				MACOSX_DEPLOYMENT_TARGET = 26.5;
				MARKETING_VERSION = 1.0;
				PRODUCT_BUNDLE_IDENTIFIER = "fazlerabbi-linkon.JSON-StudioTests";
				PRODUCT_NAME = "$(TARGET_NAME)";
				STRING_CATALOG_GENERATE_SYMBOLS = NO;
				SWIFT_APPROACHABLE_CONCURRENCY = YES;
				SWIFT_EMIT_LOC_STRINGS = NO;
				SWIFT_UPCOMING_FEATURE_MEMBER_IMPORT_VISIBILITY = YES;
				SWIFT_VERSION = 5.0;
				TEST_HOST = "$(BUILT_PRODUCTS_DIR)/JSON Studio.app/$(BUNDLE_EXECUTABLE_FOLDER_PATH)/JSON Studio";
			};
			name = Release;
		};
		89E1E8A2303ECF1900B1592C /* Debug */ = {
			isa = XCBuildConfiguration;
			buildSettings = {
				CODE_SIGN_STYLE = Automatic;
				CURRENT_PROJECT_VERSION = 1;
				DEVELOPMENT_TEAM = TYGBF4W24F;
				GENERATE_INFOPLIST_FILE = YES;
				MARKETING_VERSION = 1.0;
				PRODUCT_BUNDLE_IDENTIFIER = "fazlerabbi-linkon.JSON-StudioUITests";
				PRODUCT_NAME = "$(TARGET_NAME)";
				STRING_CATALOG_GENERATE_SYMBOLS = NO;
				SWIFT_APPROACHABLE_CONCURRENCY = YES;
				SWIFT_EMIT_LOC_STRINGS = NO;
				SWIFT_UPCOMING_FEATURE_MEMBER_IMPORT_VISIBILITY = YES;
				SWIFT_VERSION = 5.0;
				TEST_TARGET_NAME = "JSON Studio";
			};
			name = Debug;
		};
		89E1E8A3303ECF1900B1592C /* Release */ = {
			isa = XCBuildConfiguration;
			buildSettings = {
				CODE_SIGN_STYLE = Automatic;
				CURRENT_PROJECT_VERSION = 1;
				DEVELOPMENT_TEAM = TYGBF4W24F;
				GENERATE_INFOPLIST_FILE = YES;
				MARKETING_VERSION = 1.0;
				PRODUCT_BUNDLE_IDENTIFIER = "fazlerabbi-linkon.JSON-StudioUITests";
				PRODUCT_NAME = "$(TARGET_NAME)";
				STRING_CATALOG_GENERATE_SYMBOLS = NO;
				SWIFT_APPROACHABLE_CONCURRENCY = YES;
				SWIFT_EMIT_LOC_STRINGS = NO;
				SWIFT_UPCOMING_FEATURE_MEMBER_IMPORT_VISIBILITY = YES;
				SWIFT_VERSION = 5.0;
				TEST_TARGET_NAME = "JSON Studio";
			};
			name = Release;
		};
/* End XCBuildConfiguration section */

/* Begin XCConfigurationList section */
		89E1E873303ECF1700B1592C /* Build configuration list for PBXProject "JSON Studio" */ = {
			isa = XCConfigurationList;
			buildConfigurations = (
				89E1E899303ECF1900B1592C /* Debug */,
				89E1E89A303ECF1900B1592C /* Release */,
			);
			defaultConfigurationIsVisible = 0;
			defaultConfigurationName = Release;
		};
		89E1E89B303ECF1900B1592C /* Build configuration list for PBXNativeTarget "JSON Studio" */ = {
			isa = XCConfigurationList;
			buildConfigurations = (
				89E1E89C303ECF1900B1592C /* Debug */,
				89E1E89D303ECF1900B1592C /* Release */,
			);
			defaultConfigurationIsVisible = 0;
			defaultConfigurationName = Release;
		};
		89E1E89E303ECF1900B1592C /* Build configuration list for PBXNativeTarget "JSON StudioTests" */ = {
			isa = XCConfigurationList;
			buildConfigurations = (
				89E1E89F303ECF1900B1592C /* Debug */,
				89E1E8A0303ECF1900B1592C /* Release */,
			);
			defaultConfigurationIsVisible = 0;
			defaultConfigurationName = Release;
		};
		89E1E8A1303ECF1900B1592C /* Build configuration list for PBXNativeTarget "JSON StudioUITests" */ = {
			isa = XCConfigurationList;
			buildConfigurations = (
				89E1E8A2303ECF1900B1592C /* Debug */,
				89E1E8A3303ECF1900B1592C /* Release */,
			);
			defaultConfigurationIsVisible = 0;
			defaultConfigurationName = Release;
		};
/* End XCConfigurationList section */

/* Begin XCLocalSwiftPackageReference section */
		JS0N0003000000000000JK03 /* XCLocalSwiftPackageReference "Packages/JSONKit" */ = {
			isa = XCLocalSwiftPackageReference;
			relativePath = Packages/JSONKit;
		};
/* End XCLocalSwiftPackageReference section */

/* Begin XCSwiftPackageProductDependency section */
		JS0N0002000000000000JK02 /* JSONKit */ = {
			isa = XCSwiftPackageProductDependency;
			productName = JSONKit;
		};
/* End XCSwiftPackageProductDependency section */
	};
	rootObject = 89E1E870303ECF1700B1592C /* Project object */;
}
